
Microsoft Visual Studio Solution File, Format Version 12.00
# Visual Studio Version 17
VisualStudioVersion = 17.8.34004.107
MinimumVisualStudioVersion = 10.0.40219.1
Project("{2150E333-8FDC-42A3-9474-1A3956D46DE8}") = "FrontEnd", "FrontEnd", "{A7929F44-6E72-4A0D-9320-256E62517212}"
EndProject
Project("{2150E333-8FDC-42A3-9474-1A3956D46DE8}") = "Gateway", "Gateway", "{4F9933D9-9370-4BA0-B4AB-2EDF6FDA1E19}"
EndProject
Project("{2150E333-8FDC-42A3-9474-1A3956D46DE8}") = "Integration", "Integration", "{C3D987AD-7BB9-4808-ACB8-71A6841FA180}"
EndProject
Project("{2150E333-8FDC-42A3-9474-1A3956D46DE8}") = "Services", "Services", "{58D6C3A6-5071-4DBC-A665-6EC9D15E604E}"
EndProject
Project("{FAE04EC0-301F-11D3-BF4B-00C04F79EFBC}") = "Micro.Services.CouponAPI", "Micro.Services.CouponAPI\Micro.Services.CouponAPI.csproj", "{974BD239-315E-409F-B201-3A1B22B70407}"
EndProject
Global
	GlobalSection(SolutionConfigurationPlatforms) = preSolution
		Debug|Any CPU = Debug|Any CPU
		Release|Any CPU = Release|Any CPU
	EndGlobalSection
	GlobalSection(ProjectConfigurationPlatforms) = postSolution
		{974BD239-315E-409F-B201-3A1B22B70407}.Debug|Any CPU.ActiveCfg = Debug|Any CPU
		{974BD239-315E-409F-B201-3A1B22B70407}.Debug|Any CPU.Build.0 = Debug|Any CPU
		{974BD239-315E-409F-B201-3A1B22B70407}.Release|Any CPU.ActiveCfg = Release|Any CPU
		{974BD239-315E-409F-B201-3A1B22B70407}.Release|Any CPU.Build.0 = Release|Any CPU
	EndGlobalSection
	GlobalSection(SolutionProperties) = preSolution
		HideSolutionNode = FALSE
	EndGlobalSection
	GlobalSection(NestedProjects) = preSolution
		{974BD239-315E-409F-B201-3A1B22B70407} = {58D6C3A6-5071-4DBC-A665-6EC9D15E604E}
	EndGlobalSection
	GlobalSection(ExtensibilityGlobals) = postSolution
		SolutionGuid = {FA188569-C53B-4DED-8CAC-503BAC41B37B}
	EndGlobalSection
EndGlobal
